// !$*UTF8*$!
{
	archiveVersion = 1;
	classes = {
	};
	objectVersion = 56;
	objects = {

/* Begin PBXBuildFile section */
		736B97EB2B15FB9E009D5D63 /* AppDelegate.swift in Sources */ = {isa = PBXBuildFile; fileRef = 736B97EA2B15FB9E009D5D63 /* AppDelegate.swift */; };
		736B97ED2B15FB9E009D5D63 /* SceneDelegate.swift in Sources */ = {isa = PBXBuildFile; fileRef = 736B97EC2B15FB9E009D5D63 /* SceneDelegate.swift */; };
		736B97EF2B15FB9E009D5D63 /* ViewController.swift in Sources */ = {isa = PBXBuildFile; fileRef = 736B97EE2B15FB9E009D5D63 /* ViewController.swift */; };
		736B97F22B15FB9E009D5D63 /* Main.storyboard in Resources */ = {isa = PBXBuildFile; fileRef = 736B97F02B15FB9E009D5D63 /* Main.storyboard */; };
		736B97F42B15FB9F009D5D63 /* Assets.xcassets in Resources */ = {isa = PBXBuildFile; fileRef = 736B97F32B15FB9F009D5D63 /* Assets.xcassets */; };
		736B97F72B15FB9F009D5D63 /* LaunchScreen.storyboard in Resources */ = {isa = PBXBuildFile; fileRef = 736B97F52B15FB9F009D5D63 /* LaunchScreen.storyboard */; };
		736B98002B16024B009D5D63 /* UIColorExtension.swift in Sources */ = {isa = PBXBuildFile; fileRef = 736B97FF2B16024B009D5D63 /* UIColorExtension.swift */; };
		736B98022B16025C009D5D63 /* UserDefaultWrapper.swift in Sources */ = {isa = PBXBuildFile; fileRef = 736B98012B16025C009D5D63 /* UserDefaultWrapper.swift */; };
		736B98042B160278009D5D63 /* UICollectionViewExtension.swift in Sources */ = {isa = PBXBuildFile; fileRef = 736B98032B160278009D5D63 /* UICollectionViewExtension.swift */; };
		736B98062B16028A009D5D63 /* StringExtension.swift in Sources */ = {isa = PBXBuildFile; fileRef = 736B98052B16028A009D5D63 /* StringExtension.swift */; };
		736B98082B1602B4009D5D63 /* UIViewExtension.swift in Sources */ = {isa = PBXBuildFile; fileRef = 736B98072B1602B4009D5D63 /* UIViewExtension.swift */; };
		736B980A2B1602C5009D5D63 /* NSLayoutConstraintExtension.swift in Sources */ = {isa = PBXBuildFile; fileRef = 736B98092B1602C5009D5D63 /* NSLayoutConstraintExtension.swift */; };
/* End PBXBuildFile section */

/* Begin PBXFileReference section */
		736B97E72B15FB9E009D5D63 /* FiveLetterGame.app */ = {isa = PBXFileReference; explicitFileType = wrapper.application; includeInIndex = 0; path = FiveLetterGame.app; sourceTree = BUILT_PRODUCTS_DIR; };
		736B97EA2B15FB9E009D5D63 /* AppDelegate.swift */ = {isa = PBXFileReference; lastKnownFileType = sourcecode.swift; path = AppDelegate.swift; sourceTree = "<group>"; };
		736B97EC2B15FB9E009D5D63 /* SceneDelegate.swift */ = {isa = PBXFileReference; lastKnownFileType = sourcecode.swift; path = SceneDelegate.swift; sourceTree = "<group>"; };
		736B97EE2B15FB9E009D5D63 /* ViewController.swift */ = {isa = PBXFileReference; lastKnownFileType = sourcecode.swift; path = ViewController.swift; sourceTree = "<group>"; };
		736B97F12B15FB9E009D5D63 /* Base */ = {isa = PBXFileReference; lastKnownFileType = file.storyboard; name = Base; path = Base.lproj/Main.storyboard; sourceTree = "<group>"; };
		736B97F32B15FB9F009D5D63 /* Assets.xcassets */ = {isa = PBXFileReference; lastKnownFileType = folder.assetcatalog; path = Assets.xcassets; sourceTree = "<group>"; };
		736B97F62B15FB9F009D5D63 /* Base */ = {isa = PBXFileReference; lastKnownFileType = file.storyboard; name = Base; path = Base.lproj/LaunchScreen.storyboard; sourceTree = "<group>"; };
		736B97F82B15FB9F009D5D63 /* Info.plist */ = {isa = PBXFileReference; lastKnownFileType = text.plist.xml; path = Info.plist; sourceTree = "<group>"; };
		736B97FF2B16024B009D5D63 /* UIColorExtension.swift */ = {isa = PBXFileReference; lastKnownFileType = sourcecode.swift; path = UIColorExtension.swift; sourceTree = "<group>"; };
		736B98012B16025C009D5D63 /* UserDefaultWrapper.swift */ = {isa = PBXFileReference; lastKnownFileType = sourcecode.swift; path = UserDefaultWrapper.swift; sourceTree = "<group>"; };
		736B98032B160278009D5D63 /* UICollectionViewExtension.swift */ = {isa = PBXFileReference; lastKnownFileType = sourcecode.swift; path = UICollectionViewExtension.swift; sourceTree = "<group>"; };
		736B98052B16028A009D5D63 /* StringExtension.swift */ = {isa = PBXFileReference; lastKnownFileType = sourcecode.swift; path = StringExtension.swift; sourceTree = "<group>"; };
		736B98072B1602B4009D5D63 /* UIViewExtension.swift */ = {isa = PBXFileReference; lastKnownFileType = sourcecode.swift; path = UIViewExtension.swift; sourceTree = "<group>"; };
		736B98092B1602C5009D5D63 /* NSLayoutConstraintExtension.swift */ = {isa = PBXFileReference; lastKnownFileType = sourcecode.swift; path = NSLayoutConstraintExtension.swift; sourceTree = "<group>"; };
/* End PBXFileReference section */

/* Begin PBXFrameworksBuildPhase section */
		736B97E42B15FB9E009D5D63 /* Frameworks */ = {
			isa = PBXFrameworksBuildPhase;
			buildActionMask = 2147483647;
			files = (
			);
			runOnlyForDeploymentPostprocessing = 0;
		};
/* End PBXFrameworksBuildPhase section */

/* Begin PBXGroup section */
		736B97DE2B15FB9E009D5D63 = {
			isa = PBXGroup;
			children = (
				736B97E92B15FB9E009D5D63 /* FiveLetterGame */,
				736B97E82B15FB9E009D5D63 /* Products */,
			);
			sourceTree = "<group>";
		};
		736B97E82B15FB9E009D5D63 /* Products */ = {
			isa = PBXGroup;
			children = (
				736B97E72B15FB9E009D5D63 /* FiveLetterGame.app */,
			);
			name = Products;
			sourceTree = "<group>";
		};
		736B97E92B15FB9E009D5D63 /* FiveLetterGame */ = {
			isa = PBXGroup;
			children = (
				736B97FE2B16023E009D5D63 /* Extension */,
				736B97EA2B15FB9E009D5D63 /* AppDelegate.swift */,
				736B97EC2B15FB9E009D5D63 /* SceneDelegate.swift */,
				736B97EE2B15FB9E009D5D63 /* ViewController.swift */,
				736B97F02B15FB9E009D5D63 /* Main.storyboard */,
				736B97F32B15FB9F009D5D63 /* Assets.xcassets */,
				736B97F52B15FB9F009D5D63 /* LaunchScreen.storyboard */,
				736B97F82B15FB9F009D5D63 /* Info.plist */,
			);
			path = FiveLetterGame;
			sourceTree = "<group>";
		};
		736B97FE2B16023E009D5D63 /* Extension */ = {
			isa = PBXGroup;
			children = (
				736B97FF2B16024B009D5D63 /* UIColorExtension.swift */,
				736B98012B16025C009D5D63 /* UserDefaultWrapper.swift */,
				736B98032B160278009D5D63 /* UICollectionViewExtension.swift */,
				736B98052B16028A009D5D63 /* StringExtension.swift */,
				736B98072B1602B4009D5D63 /* UIViewExtension.swift */,
				736B98092B1602C5009D5D63 /* NSLayoutConstraintExtension.swift */,
			);
			path = Extension;
			sourceTree = "<group>";
		};
/* End PBXGroup section */

/* Begin PBXNativeTarget section */
		736B97E62B15FB9E009D5D63 /* FiveLetterGame */ = {
			isa = PBXNativeTarget;
			buildConfigurationList = 736B97FB2B15FB9F009D5D63 /* Build configuration list for PBXNativeTarget "FiveLetterGame" */;
			buildPhases = (
				736B97E32B15FB9E009D5D63 /* Sources */,
				736B97E42B15FB9E009D5D63 /* Frameworks */,
				736B97E52B15FB9E009D5D63 /* Resources */,
			);
			buildRules = (
			);
			dependencies = (
			);
			name = FiveLetterGame;
			productName = FiveLetterGame;
			productReference = 736B97E72B15FB9E009D5D63 /* FiveLetterGame.app */;
			productType = "com.apple.product-type.application";
		};
/* End PBXNativeTarget section */

/* Begin PBXProject section */
		736B97DF2B15FB9E009D5D63 /* Project object */ = {
			isa = PBXProject;
			attributes = {
				BuildIndependentTargetsInParallel = 1;
				LastSwiftUpdateCheck = 1430;
				LastUpgradeCheck = 1430;
				TargetAttributes = {
					736B97E62B15FB9E009D5D63 = {
						CreatedOnToolsVersion = 14.3.1;
					};
				};
			};
			buildConfigurationList = 736B97E22B15FB9E009D5D63 /* Build configuration list for PBXProject "FiveLetterGame" */;
			compatibilityVersion = "Xcode 14.0";
			developmentRegion = en;
			hasScannedForEncodings = 0;
			knownRegions = (
				en,
				Base,
			);
			mainGroup = 736B97DE2B15FB9E009D5D63;
			productRefGroup = 736B97E82B15FB9E009D5D63 /* Products */;
			projectDirPath = "";
			projectRoot = "";
			targets = (
				736B97E62B15FB9E009D5D63 /* FiveLetterGame */,
			);
		};
/* End PBXProject section */

/* Begin PBXResourcesBuildPhase section */
		736B97E52B15FB9E009D5D63 /* Resources */ = {
			isa = PBXResourcesBuildPhase;
			buildActionMask = 2147483647;
			files = (
				736B97F72B15FB9F009D5D63 /* LaunchScreen.storyboard in Resources */,
				736B97F42B15FB9F009D5D63 /* Assets.xcassets in Resources */,
				736B97F22B15FB9E009D5D63 /* Main.storyboard in Resources */,
			);
			runOnlyForDeploymentPostprocessing = 0;
		};
/* End PBXResourcesBuildPhase section */

/* Begin PBXSourcesBuildPhase section */
		736B97E32B15FB9E009D5D63 /* Sources */ = {
			isa = PBXSourcesBuildPhase;
			buildActionMask = 2147483647;
			files = (
				736B97EF2B15FB9E009D5D63 /* ViewController.swift in Sources */,
				736B980A2B1602C5009D5D63 /* NSLayoutConstraintExtension.swift in Sources */,
				736B98062B16028A009D5D63 /* StringExtension.swift in Sources */,
				736B98022B16025C009D5D63 /* UserDefaultWrapper.swift in Sources */,
				736B97EB2B15FB9E009D5D63 /* AppDelegate.swift in Sources */,
				736B97ED2B15FB9E009D5D63 /* SceneDelegate.swift in Sources */,
				736B98042B160278009D5D63 /* UICollectionViewExtension.swift in Sources */,
				736B98082B1602B4009D5D63 /* UIViewExtension.swift in Sources */,
				736B98002B16024B009D5D63 /* UIColorExtension.swift in Sources */,
			);
			runOnlyForDeploymentPostprocessing = 0;
		};
/* End PBXSourcesBuildPhase section */

/* Begin PBXVariantGroup section */
		736B97F02B15FB9E009D5D63 /* Main.storyboard */ = {
			isa = PBXVariantGroup;
			children = (
				736B97F12B15FB9E009D5D63 /* Base */,
			);
			name = Main.storyboard;
			sourceTree = "<group>";
		};
		736B97F52B15FB9F009D5D63 /* LaunchScreen.storyboard */ = {
			isa = PBXVariantGroup;
			children = (
				736B97F62B15FB9F009D5D63 /* Base */,
			);
			name = LaunchScreen.storyboard;
			sourceTree = "<group>";
		};
/* End PBXVariantGroup section */

/* Begin XCBuildConfiguration section */
		736B97F92B15FB9F009D5D63 /* Debug */ = {
			isa = XCBuildConfiguration;
			buildSettings = {
				ALWAYS_SEARCH_USER_PATHS = NO;
				CLANG_ANALYZER_NONNULL = YES;
				CLANG_ANALYZER_NUMBER_OBJECT_CONVERSION = YES_AGGRESSIVE;
				CLANG_CXX_LANGUAGE_STANDARD = "gnu++20";
				CLANG_ENABLE_MODULES = YES;
				CLANG_ENABLE_OBJC_ARC = YES;
				CLANG_ENABLE_OBJC_WEAK = YES;
				CLANG_WARN_BLOCK_CAPTURE_AUTORELEASING = YES;
				CLANG_WARN_BOOL_CONVERSION = YES;
				CLANG_WARN_COMMA = YES;
				CLANG_WARN_CONSTANT_CONVERSION = YES;
				CLANG_WARN_DEPRECATED_OBJC_IMPLEMENTATIONS = YES;
				CLANG_WARN_DIRECT_OBJC_ISA_USAGE = YES_ERROR;
				CLANG_WARN_DOCUMENTATION_COMMENTS = YES;
				CLANG_WARN_EMPTY_BODY = YES;
				CLANG_WARN_ENUM_CONVERSION = YES;
				CLANG_WARN_INFINITE_RECURSION = YES;
				CLANG_WARN_INT_CONVERSION = YES;
				CLANG_WARN_NON_LITERAL_NULL_CONVERSION = YES;
				CLANG_WARN_OBJC_IMPLICIT_RETAIN_SELF = YES;
				CLANG_WARN_OBJC_LITERAL_CONVERSION = YES;
				CLANG_WARN_OBJC_ROOT_CLASS = YES_ERROR;
				CLANG_WARN_QUOTED_INCLUDE_IN_FRAMEWORK_HEADER = YES;
				CLANG_WARN_RANGE_LOOP_ANALYSIS = YES;
				CLANG_WARN_STRICT_PROTOTYPES = YES;
				CLANG_WARN_SUSPICIOUS_MOVE = YES;
				CLANG_WARN_UNGUARDED_AVAILABILITY = YES_AGGRESSIVE;
				CLANG_WARN_UNREACHABLE_CODE = YES;
				CLANG_WARN__DUPLICATE_METHOD_MATCH = YES;
				COPY_PHASE_STRIP = NO;
				DEBUG_INFORMATION_FORMAT = dwarf;
				ENABLE_STRICT_OBJC_MSGSEND = YES;
				ENABLE_TESTABILITY = YES;
				GCC_C_LANGUAGE_STANDARD = gnu11;
				GCC_DYNAMIC_NO_PIC = NO;
				GCC_NO_COMMON_BLOCKS = YES;
				GCC_OPTIMIZATION_LEVEL = 0;
				GCC_PREPROCESSOR_DEFINITIONS = (
					"DEBUG=1",
					"$(inherited)",
				);
				GCC_WARN_64_TO_32_BIT_CONVERSION = YES;
				GCC_WARN_ABOUT_RETURN_TYPE = YES_ERROR;
				GCC_WARN_UNDECLARED_SELECTOR = YES;
				GCC_WARN_UNINITIALIZED_AUTOS = YES_AGGRESSIVE;
				GCC_WARN_UNUSED_FUNCTION = YES;
				GCC_WARN_UNUSED_VARIABLE = YES;
				IPHONEOS_DEPLOYMENT_TARGET = 16.4;
				MTL_ENABLE_DEBUG_INFO = INCLUDE_SOURCE;
				MTL_FAST_MATH = YES;
				ONLY_ACTIVE_ARCH = YES;
				SDKROOT = iphoneos;
				SWIFT_ACTIVE_COMPILATION_CONDITIONS = DEBUG;
				SWIFT_OPTIMIZATION_LEVEL = "-Onone";
			};
			name = Debug;
		};
		736B97FA2B15FB9F009D5D63 /* Release */ = {
			isa = XCBuildConfiguration;
			buildSettings = {
				ALWAYS_SEARCH_USER_PATHS = NO;
				CLANG_ANALYZER_NONNULL = YES;
				CLANG_ANALYZER_NUMBER_OBJECT_CONVERSION = YES_AGGRESSIVE;
				CLANG_CXX_LANGUAGE_STANDARD = "gnu++20";
				CLANG_ENABLE_MODULES = YES;
				CLANG_ENABLE_OBJC_ARC = YES;
				CLANG_ENABLE_OBJC_WEAK = YES;
				CLANG_WARN_BLOCK_CAPTURE_AUTORELEASING = YES;
				CLANG_WARN_BOOL_CONVERSION = YES;
				CLANG_WARN_COMMA = YES;
				CLANG_WARN_CONSTANT_CONVERSION = YES;
				CLANG_WARN_DEPRECATED_OBJC_IMPLEMENTATIONS = YES;
				CLANG_WARN_DIRECT_OBJC_ISA_USAGE = YES_ERROR;
				CLANG_WARN_DOCUMENTATION_COMMENTS = YES;
				CLANG_WARN_EMPTY_BODY = YES;
				CLANG_WARN_ENUM_CONVERSION = YES;
				CLANG_WARN_INFINITE_RECURSION = YES;
				CLANG_WARN_INT_CONVERSION = YES;
				CLANG_WARN_NON_LITERAL_NULL_CONVERSION = YES;
				CLANG_WARN_OBJC_IMPLICIT_RETAIN_SELF = YES;
				CLANG_WARN_OBJC_LITERAL_CONVERSION = YES;
				CLANG_WARN_OBJC_ROOT_CLASS = YES_ERROR;
				CLANG_WARN_QUOTED_INCLUDE_IN_FRAMEWORK_HEADER = YES;
				CLANG_WARN_RANGE_LOOP_ANALYSIS = YES;
				CLANG_WARN_STRICT_PROTOTYPES = YES;
				CLANG_WARN_SUSPICIOUS_MOVE = YES;
				CLANG_WARN_UNGUARDED_AVAILABILITY = YES_AGGRESSIVE;
				CLANG_WARN_UNREACHABLE_CODE = YES;
				CLANG_WARN__DUPLICATE_METHOD_MATCH = YES;
				COPY_PHASE_STRIP = NO;
				DEBUG_INFORMATION_FORMAT = "dwarf-with-dsym";
				ENABLE_NS_ASSERTIONS = NO;
				ENABLE_STRICT_OBJC_MSGSEND = YES;
				GCC_C_LANGUAGE_STANDARD = gnu11;
				GCC_NO_COMMON_BLOCKS = YES;
				GCC_WARN_64_TO_32_BIT_CONVERSION = YES;
				GCC_WARN_ABOUT_RETURN_TYPE = YES_ERROR;
				GCC_WARN_UNDECLARED_SELECTOR = YES;
				GCC_WARN_UNINITIALIZED_AUTOS = YES_AGGRESSIVE;
				GCC_WARN_UNUSED_FUNCTION = YES;
				GCC_WARN_UNUSED_VARIABLE = YES;
				IPHONEOS_DEPLOYMENT_TARGET = 16.4;
				MTL_ENABLE_DEBUG_INFO = NO;
				MTL_FAST_MATH = YES;
				SDKROOT = iphoneos;
				SWIFT_COMPILATION_MODE = wholemodule;
				SWIFT_OPTIMIZATION_LEVEL = "-O";
				VALIDATE_PRODUCT = YES;
			};
			name = Release;
		};
		736B97FC2B15FB9F009D5D63 /* Debug */ = {
			isa = XCBuildConfiguration;
			buildSettings = {
				ASSETCATALOG_COMPILER_APPICON_NAME = AppIcon;
				ASSETCATALOG_COMPILER_GLOBAL_ACCENT_COLOR_NAME = AccentColor;
				CODE_SIGN_STYLE = Automatic;
				CURRENT_PROJECT_VERSION = 1;
				GENERATE_INFOPLIST_FILE = YES;
				INFOPLIST_FILE = FiveLetterGame/Info.plist;
				INFOPLIST_KEY_UIApplicationSupportsIndirectInputEvents = YES;
				INFOPLIST_KEY_UILaunchStoryboardName = LaunchScreen;
				INFOPLIST_KEY_UIMainStoryboardFile = Main;
				INFOPLIST_KEY_UISupportedInterfaceOrientations_iPad = "UIInterfaceOrientationPortrait UIInterfaceOrientationPortraitUpsideDown UIInterfaceOrientationLandscapeLeft UIInterfaceOrientationLandscapeRight";
				INFOPLIST_KEY_UISupportedInterfaceOrientations_iPhone = "UIInterfaceOrientationPortrait UIInterfaceOrientationLandscapeLeft UIInterfaceOrientationLandscapeRight";
				LD_RUNPATH_SEARCH_PATHS = (
					"$(inherited)",
					"@executable_path/Frameworks",
				);
				MARKETING_VERSION = 1.0;
				PRODUCT_BUNDLE_IDENTIFIER = com.my.FiveLetterGame;
				PRODUCT_NAME = "$(TARGET_NAME)";
				SWIFT_EMIT_LOC_STRINGS = YES;
				SWIFT_VERSION = 5.0;
				TARGETED_DEVICE_FAMILY = "1,2";
			};
			name = Debug;
		};
		736B97FD2B15FB9F009D5D63 /* Release */ = {
			isa = XCBuildConfiguration;
			buildSettings = {
				ASSETCATALOG_COMPILER_APPICON_NAME = AppIcon;
				ASSETCATALOG_COMPILER_GLOBAL_ACCENT_COLOR_NAME = AccentColor;
				CODE_SIGN_STYLE = Automatic;
				CURRENT_PROJECT_VERSION = 1;
				GENERATE_INFOPLIST_FILE = YES;
				INFOPLIST_FILE = FiveLetterGame/Info.plist;
				INFOPLIST_KEY_UIApplicationSupportsIndirectInputEvents = YES;
				INFOPLIST_KEY_UILaunchStoryboardName = LaunchScreen;
				INFOPLIST_KEY_UIMainStoryboardFile = Main;
				INFOPLIST_KEY_UISupportedInterfaceOrientations_iPad = "UIInterfaceOrientationPortrait UIInterfaceOrientationPortraitUpsideDown UIInterfaceOrientationLandscapeLeft UIInterfaceOrientationLandscapeRight";
				INFOPLIST_KEY_UISupportedInterfaceOrientations_iPhone = "UIInterfaceOrientationPortrait UIInterfaceOrientationLandscapeLeft UIInterfaceOrientationLandscapeRight";
				LD_RUNPATH_SEARCH_PATHS = (
					"$(inherited)",
					"@executable_path/Frameworks",
				);
				MARKETING_VERSION = 1.0;
				PRODUCT_BUNDLE_IDENTIFIER = com.my.FiveLetterGame;
				PRODUCT_NAME = "$(TARGET_NAME)";
				SWIFT_EMIT_LOC_STRINGS = YES;
				SWIFT_VERSION = 5.0;
				TARGETED_DEVICE_FAMILY = "1,2";
			};
			name = Release;
		};
/* End XCBuildConfiguration section */

/* Begin XCConfigurationList section */
		736B97E22B15FB9E009D5D63 /* Build configuration list for PBXProject "FiveLetterGame" */ = {
			isa = XCConfigurationList;
			buildConfigurations = (
				736B97F92B15FB9F009D5D63 /* Debug */,
				736B97FA2B15FB9F009D5D63 /* Release */,
			);
			defaultConfigurationIsVisible = 0;
			defaultConfigurationName = Release;
		};
		736B97FB2B15FB9F009D5D63 /* Build configuration list for PBXNativeTarget "FiveLetterGame" */ = {
			isa = XCConfigurationList;
			buildConfigurations = (
				736B97FC2B15FB9F009D5D63 /* Debug */,
				736B97FD2B15FB9F009D5D63 /* Release */,
			);
			defaultConfigurationIsVisible = 0;
			defaultConfigurationName = Release;
		};
/* End XCConfigurationList section */
	};
	rootObject = 736B97DF2B15FB9E009D5D63 /* Project object */;
}
